
Microsoft Visual Studio Solution File, Format Version 12.00
# Visual Studio Version 17
VisualStudioVersion = 17.3.32825.248
MinimumVisualStudioVersion = 10.0.40219.1
Project("{FAE04EC0-301F-11D3-BF4B-00C04F79EFBC}") = "Pract 6", "Pract 6\Pract 6.csproj", "{38C314CD-0D4A-4196-9BA6-368A2B9940BB}"
EndProject
Global
	GlobalSection(SolutionConfigurationPlatforms) = preSolution
		Debug|Any CPU = Debug|Any CPU
		Release|Any CPU = Release|Any CPU
	EndGlobalSection
	GlobalSection(ProjectConfigurationPlatforms) = postSolution
		{38C314CD-0D4A-4196-9BA6-368A2B9940BB}.Debug|Any CPU.ActiveCfg = Debug|Any CPU
		{38C314CD-0D4A-4196-9BA6-368A2B9940BB}.Debug|Any CPU.Build.0 = Debug|Any CPU
		{38C314CD-0D4A-4196-9BA6-368A2B9940BB}.Release|Any CPU.ActiveCfg = Release|Any CPU
		{38C314CD-0D4A-4196-9BA6-368A2B9940BB}.Release|Any CPU.Build.0 = Release|Any CPU
	EndGlobalSection
	GlobalSection(SolutionProperties) = preSolution
		HideSolutionNode = FALSE
	EndGlobalSection
	GlobalSection(ExtensibilityGlobals) = postSolution
		SolutionGuid = {C2E8DF37-D4B3-450A-8829-E6B54332C335}
	EndGlobalSection
EndGlobal
